
Microsoft Visual Studio Solution File, Format Version 12.00
# Visual Studio Version 17
VisualStudioVersion = 17.14.36623.8 d17.14
MinimumVisualStudioVersion = 10.0.40219.1
Project("{FAE04EC0-301F-11D3-BF4B-00C04F79EFBC}") = "mediatek86", "mediatek86\mediatek86.csproj", "{DB32AA69-5B8C-41FD-8565-4F24B5F74545}"
EndProject
Project("{54435603-DBB4-11D2-8724-00A0C9A8B90C}") = "Mediatek86Installeur", "Mediatek86Installeur\Mediatek86Installeur.vdproj", "{316426B2-63FA-A1C8-6890-57194AA4E6E3}"
EndProject
Global
	GlobalSection(SolutionConfigurationPlatforms) = preSolution
		Debug|Any CPU = Debug|Any CPU
		Release|Any CPU = Release|Any CPU
	EndGlobalSection
	GlobalSection(ProjectConfigurationPlatforms) = postSolution
		{DB32AA69-5B8C-41FD-8565-4F24B5F74545}.Debug|Any CPU.ActiveCfg = Debug|Any CPU
		{DB32AA69-5B8C-41FD-8565-4F24B5F74545}.Debug|Any CPU.Build.0 = Debug|Any CPU
		{DB32AA69-5B8C-41FD-8565-4F24B5F74545}.Release|Any CPU.ActiveCfg = Release|Any CPU
		{DB32AA69-5B8C-41FD-8565-4F24B5F74545}.Release|Any CPU.Build.0 = Release|Any CPU
		{316426B2-63FA-A1C8-6890-57194AA4E6E3}.Debug|Any CPU.ActiveCfg = Debug
		{316426B2-63FA-A1C8-6890-57194AA4E6E3}.Debug|Any CPU.Build.0 = Debug
		{316426B2-63FA-A1C8-6890-57194AA4E6E3}.Release|Any CPU.ActiveCfg = Release
		{316426B2-63FA-A1C8-6890-57194AA4E6E3}.Release|Any CPU.Build.0 = Release
	EndGlobalSection
	GlobalSection(SolutionProperties) = preSolution
		HideSolutionNode = FALSE
	EndGlobalSection
	GlobalSection(ExtensibilityGlobals) = postSolution
		SolutionGuid = {8E2155B8-BBCF-481F-B9AC-712AA17434FB}
	EndGlobalSection
EndGlobal
